
Microsoft Visual Studio Solution File, Format Version 12.00
# Visual Studio Version 16
VisualStudioVersion = 16.0.29215.179
MinimumVisualStudioVersion = 10.0.40219.1
Project("{9A19103F-16F7-4668-BE54-9A1E7A4F7556}") = "CrystalCards.Api", "CrystalCards.Api.csproj", "{2D57C39E-836B-4553-8C22-0A4D503469C9}"
EndProject
Project("{9A19103F-16F7-4668-BE54-9A1E7A4F7556}") = "CrystalCards.Data", "..\CrystalCards.Data\CrystalCards.Data.csproj", "{90E59842-9A79-4BA1-A7A7-34C2D78C3428}"
EndProject
Project("{9A19103F-16F7-4668-BE54-9A1E7A4F7556}") = "CrystalCards.Api.Tests", "..\CrystalCards.Api.Tests\CrystalCards.Api.Tests.csproj", "{BD50C4BF-75FD-4481-88F1-CF96C0646568}"
EndProject
Project("{9A19103F-16F7-4668-BE54-9A1E7A4F7556}") = "CrystalCards.Models", "..\CrystalCards.Models\CrystalCards.Models.csproj", "{7386A8D7-D81C-43DB-9938-BB16EB4CC199}"
EndProject
Project("{9A19103F-16F7-4668-BE54-9A1E7A4F7556}") = "CrystalCards.Api.Tests.Utils", "..\CrystalCards.Api.Tests.Utils\CrystalCards.Api.Tests.Utils.csproj", "{1DD2D1A1-B841-4C2A-A931-64DAF7CFF3B3}"
EndProject
Global
	GlobalSection(SolutionConfigurationPlatforms) = preSolution
		Debug|Any CPU = Debug|Any CPU
		Release|Any CPU = Release|Any CPU
	EndGlobalSection
	GlobalSection(ProjectConfigurationPlatforms) = postSolution
		{2D57C39E-836B-4553-8C22-0A4D503469C9}.Debug|Any CPU.ActiveCfg = Debug|Any CPU
		{2D57C39E-836B-4553-8C22-0A4D503469C9}.Debug|Any CPU.Build.0 = Debug|Any CPU
		{2D57C39E-836B-4553-8C22-0A4D503469C9}.Release|Any CPU.ActiveCfg = Release|Any CPU
		{2D57C39E-836B-4553-8C22-0A4D503469C9}.Release|Any CPU.Build.0 = Release|Any CPU
		{90E59842-9A79-4BA1-A7A7-34C2D78C3428}.Debug|Any CPU.ActiveCfg = Debug|Any CPU
		{90E59842-9A79-4BA1-A7A7-34C2D78C3428}.Debug|Any CPU.Build.0 = Debug|Any CPU
		{90E59842-9A79-4BA1-A7A7-34C2D78C3428}.Release|Any CPU.ActiveCfg = Release|Any CPU
		{90E59842-9A79-4BA1-A7A7-34C2D78C3428}.Release|Any CPU.Build.0 = Release|Any CPU
		{BD50C4BF-75FD-4481-88F1-CF96C0646568}.Debug|Any CPU.ActiveCfg = Debug|Any CPU
		{BD50C4BF-75FD-4481-88F1-CF96C0646568}.Debug|Any CPU.Build.0 = Debug|Any CPU
		{BD50C4BF-75FD-4481-88F1-CF96C0646568}.Release|Any CPU.ActiveCfg = Release|Any CPU
		{BD50C4BF-75FD-4481-88F1-CF96C0646568}.Release|Any CPU.Build.0 = Release|Any CPU
		{7386A8D7-D81C-43DB-9938-BB16EB4CC199}.Debug|Any CPU.ActiveCfg = Debug|Any CPU
		{7386A8D7-D81C-43DB-9938-BB16EB4CC199}.Debug|Any CPU.Build.0 = Debug|Any CPU
		{7386A8D7-D81C-43DB-9938-BB16EB4CC199}.Release|Any CPU.ActiveCfg = Release|Any CPU
		{7386A8D7-D81C-43DB-9938-BB16EB4CC199}.Release|Any CPU.Build.0 = Release|Any CPU
		{1DD2D1A1-B841-4C2A-A931-64DAF7CFF3B3}.Debug|Any CPU.ActiveCfg = Debug|Any CPU
		{1DD2D1A1-B841-4C2A-A931-64DAF7CFF3B3}.Debug|Any CPU.Build.0 = Debug|Any CPU
		{1DD2D1A1-B841-4C2A-A931-64DAF7CFF3B3}.Release|Any CPU.ActiveCfg = Release|Any CPU
		{1DD2D1A1-B841-4C2A-A931-64DAF7CFF3B3}.Release|Any CPU.Build.0 = Release|Any CPU
	EndGlobalSection
	GlobalSection(SolutionProperties) = preSolution
		HideSolutionNode = FALSE
	EndGlobalSection
	GlobalSection(ExtensibilityGlobals) = postSolution
		SolutionGuid = {75665060-F854-4B38-9D62-4B4417ED1909}
	EndGlobalSection
EndGlobal
