
Microsoft Visual Studio Solution File, Format Version 12.00
# Visual Studio Version 16
VisualStudioVersion = 16.0.29215.179
MinimumVisualStudioVersion = 10.0.40219.1
Project("{FAE04EC0-301F-11D3-BF4B-00C04F79EFBC}") = "CrystalCards.Api", "CrystalCards.Api.csproj", "{2D57C39E-836B-4553-8C22-0A4D503469C9}"
EndProject
Project("{E24C65DC-7377-472B-9ABA-BC803B73C61A}") = "CrystalCards-Web", "..\CrystalCards-Web\", "{78B4A8BD-8764-4C8B-A068-8771A968A58B}"
	ProjectSection(WebsiteProperties) = preProject
		TargetFrameworkMoniker = ".NETFramework,Version%3Dv4.0"
		Debug.AspNetCompiler.VirtualPath = "/localhost_60156"
		Debug.AspNetCompiler.PhysicalPath = "..\CrystalCards-Web\"
		Debug.AspNetCompiler.TargetPath = "PrecompiledWeb\localhost_60156\"
		Debug.AspNetCompiler.Updateable = "true"
		Debug.AspNetCompiler.ForceOverwrite = "true"
		Debug.AspNetCompiler.FixedNames = "false"
		Debug.AspNetCompiler.Debug = "True"
		Release.AspNetCompiler.VirtualPath = "/localhost_60156"
		Release.AspNetCompiler.PhysicalPath = "..\CrystalCards-Web\"
		Release.AspNetCompiler.TargetPath = "PrecompiledWeb\localhost_60156\"
		Release.AspNetCompiler.Updateable = "true"
		Release.AspNetCompiler.ForceOverwrite = "true"
		Release.AspNetCompiler.FixedNames = "false"
		Release.AspNetCompiler.Debug = "False"
		VWDPort = "60156"
		SlnRelativePath = "..\CrystalCards-Web\"
	EndProjectSection
EndProject
Project("{FAE04EC0-301F-11D3-BF4B-00C04F79EFBC}") = "CrystalCards.Data", "..\CrystalCards.Data\CrystalCards.Data.csproj", "{90E59842-9A79-4BA1-A7A7-34C2D78C3428}"
EndProject
Project("{FAE04EC0-301F-11D3-BF4B-00C04F79EFBC}") = "CrystalCards.Services", "..\CrystalCards.Services\CrystalCards.Services.csproj", "{01B7E0E9-396A-47CA-9F17-0984BFFFBF93}"
EndProject
Global
	GlobalSection(SolutionConfigurationPlatforms) = preSolution
		Debug|Any CPU = Debug|Any CPU
		Release|Any CPU = Release|Any CPU
	EndGlobalSection
	GlobalSection(ProjectConfigurationPlatforms) = postSolution
		{2D57C39E-836B-4553-8C22-0A4D503469C9}.Debug|Any CPU.ActiveCfg = Debug|Any CPU
		{2D57C39E-836B-4553-8C22-0A4D503469C9}.Debug|Any CPU.Build.0 = Debug|Any CPU
		{2D57C39E-836B-4553-8C22-0A4D503469C9}.Release|Any CPU.ActiveCfg = Release|Any CPU
		{2D57C39E-836B-4553-8C22-0A4D503469C9}.Release|Any CPU.Build.0 = Release|Any CPU
		{78B4A8BD-8764-4C8B-A068-8771A968A58B}.Debug|Any CPU.ActiveCfg = Debug|Any CPU
		{78B4A8BD-8764-4C8B-A068-8771A968A58B}.Debug|Any CPU.Build.0 = Debug|Any CPU
		{78B4A8BD-8764-4C8B-A068-8771A968A58B}.Release|Any CPU.ActiveCfg = Debug|Any CPU
		{78B4A8BD-8764-4C8B-A068-8771A968A58B}.Release|Any CPU.Build.0 = Debug|Any CPU
		{90E59842-9A79-4BA1-A7A7-34C2D78C3428}.Debug|Any CPU.ActiveCfg = Debug|Any CPU
		{90E59842-9A79-4BA1-A7A7-34C2D78C3428}.Debug|Any CPU.Build.0 = Debug|Any CPU
		{90E59842-9A79-4BA1-A7A7-34C2D78C3428}.Release|Any CPU.ActiveCfg = Release|Any CPU
		{90E59842-9A79-4BA1-A7A7-34C2D78C3428}.Release|Any CPU.Build.0 = Release|Any CPU
		{01B7E0E9-396A-47CA-9F17-0984BFFFBF93}.Debug|Any CPU.ActiveCfg = Debug|Any CPU
		{01B7E0E9-396A-47CA-9F17-0984BFFFBF93}.Debug|Any CPU.Build.0 = Debug|Any CPU
		{01B7E0E9-396A-47CA-9F17-0984BFFFBF93}.Release|Any CPU.ActiveCfg = Release|Any CPU
		{01B7E0E9-396A-47CA-9F17-0984BFFFBF93}.Release|Any CPU.Build.0 = Release|Any CPU
	EndGlobalSection
	GlobalSection(SolutionProperties) = preSolution
		HideSolutionNode = FALSE
	EndGlobalSection
	GlobalSection(ExtensibilityGlobals) = postSolution
		SolutionGuid = {75665060-F854-4B38-9D62-4B4417ED1909}
	EndGlobalSection
EndGlobal
